
Microsoft Visual Studio Solution File, Format Version 12.00
# Visual Studio Version 17
VisualStudioVersion = 17.10.35027.167
MinimumVisualStudioVersion = 10.0.40219.1
Project("{FAE04EC0-301F-11D3-BF4B-00C04F79EFBC}") = "Web", "Web\Web.csproj", "{361DA508-C0A1-4A24-B015-D68E8D635D11}"
EndProject
Project("{FAE04EC0-301F-11D3-BF4B-00C04F79EFBC}") = "Web.New", "Web.New\Web.New.csproj", "{B77DDAFC-C875-4C87-9DFF-4080E5029DB8}"
EndProject
Project("{FAE04EC0-301F-11D3-BF4B-00C04F79EFBC}") = "Common", "Common\Common.csproj", "{B16AC4B0-02E2-4E55-AD53-EE37B60DDBC4}"
EndProject
Project("{FAE04EC0-301F-11D3-BF4B-00C04F79EFBC}") = "Web.SharedComponents", "Web.SharedComponents\Web.SharedComponents.csproj", "{8E8523EB-71BD-457B-AF1D-624147E90624}"
EndProject
Global
	GlobalSection(SolutionConfigurationPlatforms) = preSolution
		Debug|Any CPU = Debug|Any CPU
		Release|Any CPU = Release|Any CPU
	EndGlobalSection
	GlobalSection(ProjectConfigurationPlatforms) = postSolution
		{361DA508-C0A1-4A24-B015-D68E8D635D11}.Debug|Any CPU.ActiveCfg = Debug|Any CPU
		{361DA508-C0A1-4A24-B015-D68E8D635D11}.Debug|Any CPU.Build.0 = Debug|Any CPU
		{361DA508-C0A1-4A24-B015-D68E8D635D11}.Release|Any CPU.ActiveCfg = Release|Any CPU
		{361DA508-C0A1-4A24-B015-D68E8D635D11}.Release|Any CPU.Build.0 = Release|Any CPU
		{B77DDAFC-C875-4C87-9DFF-4080E5029DB8}.Debug|Any CPU.ActiveCfg = Debug|Any CPU
		{B77DDAFC-C875-4C87-9DFF-4080E5029DB8}.Debug|Any CPU.Build.0 = Debug|Any CPU
		{B77DDAFC-C875-4C87-9DFF-4080E5029DB8}.Release|Any CPU.ActiveCfg = Release|Any CPU
		{B77DDAFC-C875-4C87-9DFF-4080E5029DB8}.Release|Any CPU.Build.0 = Release|Any CPU
		{B16AC4B0-02E2-4E55-AD53-EE37B60DDBC4}.Debug|Any CPU.ActiveCfg = Debug|Any CPU
		{B16AC4B0-02E2-4E55-AD53-EE37B60DDBC4}.Debug|Any CPU.Build.0 = Debug|Any CPU
		{B16AC4B0-02E2-4E55-AD53-EE37B60DDBC4}.Release|Any CPU.ActiveCfg = Release|Any CPU
		{B16AC4B0-02E2-4E55-AD53-EE37B60DDBC4}.Release|Any CPU.Build.0 = Release|Any CPU
		{8E8523EB-71BD-457B-AF1D-624147E90624}.Debug|Any CPU.ActiveCfg = Debug|Any CPU
		{8E8523EB-71BD-457B-AF1D-624147E90624}.Debug|Any CPU.Build.0 = Debug|Any CPU
		{8E8523EB-71BD-457B-AF1D-624147E90624}.Release|Any CPU.ActiveCfg = Release|Any CPU
		{8E8523EB-71BD-457B-AF1D-624147E90624}.Release|Any CPU.Build.0 = Release|Any CPU
	EndGlobalSection
	GlobalSection(SolutionProperties) = preSolution
		HideSolutionNode = FALSE
	EndGlobalSection
	GlobalSection(ExtensibilityGlobals) = postSolution
		SolutionGuid = {E8BBEB78-75CC-4E23-B735-A8A7781B3D8A}
	EndGlobalSection
EndGlobal
