
Microsoft Visual Studio Solution File, Format Version 12.00
# Visual Studio Version 17
VisualStudioVersion = 17.10.35027.167
MinimumVisualStudioVersion = 10.0.40219.1
Project("{FAE04EC0-301F-11D3-BF4B-00C04F79EFBC}") = "BlazorWebForms.Web", "BlazorWebForms.Web\BlazorWebForms.Web.csproj", "{361DA508-C0A1-4A24-B015-D68E8D635D11}"
EndProject
Project("{FAE04EC0-301F-11D3-BF4B-00C04F79EFBC}") = "BlazorWebForms.Web.New", "BlazorWebForms.Web.New\BlazorWebForms.Web.New.csproj", "{B77DDAFC-C875-4C87-9DFF-4080E5029DB8}"
EndProject
Project("{FAE04EC0-301F-11D3-BF4B-00C04F79EFBC}") = "BlazorWebForms.Infrastructure", "BlazorWebForms.Infrastructure\BlazorWebForms.Infrastructure.csproj", "{B16AC4B0-02E2-4E55-AD53-EE37B60DDBC4}"
EndProject
Project("{FAE04EC0-301F-11D3-BF4B-00C04F79EFBC}") = "BlazorWebForms.Web.SharedComponents", "BlazorWebForms.Web.SharedComponents\BlazorWebForms.Web.SharedComponents.csproj", "{8E8523EB-71BD-457B-AF1D-624147E90624}"
EndProject
Project("{2150E333-8FDC-42A3-9474-1A3956D46DE8}") = "Элементы решения", "Элементы решения", "{AAC3397E-4A7A-4C47-83E3-EE082DCA28A9}"
	ProjectSection(SolutionItems) = preProject
		.gitignore = .gitignore
	EndProjectSection
EndProject
Project("{FAE04EC0-301F-11D3-BF4B-00C04F79EFBC}") = "BlazorWebForms.Web.Gateway", "BlazorWebForms.Web.Gateway\BlazorWebForms.Web.Gateway.csproj", "{371D5C20-DFD2-47AB-AEED-5FC7401E7940}"
EndProject
Project("{FAE04EC0-301F-11D3-BF4B-00C04F79EFBC}") = "BlazorWebForms.Domain", "BlazorWebForms.Domain\BlazorWebForms.Domain.csproj", "{EF98F167-8E29-4B69-8CAC-5958AAA6C0C3}"
EndProject
Project("{FAE04EC0-301F-11D3-BF4B-00C04F79EFBC}") = "BlazorWebForms.UseCases", "BlazorWebForms.UseCases\BlazorWebForms.UseCases.csproj", "{581B5A37-D6A2-4B42-B4D0-E668C851457C}"
EndProject
Project("{FAE04EC0-301F-11D3-BF4B-00C04F79EFBC}") = "BlazorWebForms.Web.Common", "BlazorWebForms.Web.Common\BlazorWebForms.Web.Common.csproj", "{F65835F9-67C3-4C26-AC8A-F3076BB8D962}"
EndProject
Global
	GlobalSection(SolutionConfigurationPlatforms) = preSolution
		Debug|Any CPU = Debug|Any CPU
		Release|Any CPU = Release|Any CPU
	EndGlobalSection
	GlobalSection(ProjectConfigurationPlatforms) = postSolution
		{361DA508-C0A1-4A24-B015-D68E8D635D11}.Debug|Any CPU.ActiveCfg = Debug|Any CPU
		{361DA508-C0A1-4A24-B015-D68E8D635D11}.Debug|Any CPU.Build.0 = Debug|Any CPU
		{361DA508-C0A1-4A24-B015-D68E8D635D11}.Release|Any CPU.ActiveCfg = Release|Any CPU
		{361DA508-C0A1-4A24-B015-D68E8D635D11}.Release|Any CPU.Build.0 = Release|Any CPU
		{B77DDAFC-C875-4C87-9DFF-4080E5029DB8}.Debug|Any CPU.ActiveCfg = Debug|Any CPU
		{B77DDAFC-C875-4C87-9DFF-4080E5029DB8}.Debug|Any CPU.Build.0 = Debug|Any CPU
		{B77DDAFC-C875-4C87-9DFF-4080E5029DB8}.Release|Any CPU.ActiveCfg = Release|Any CPU
		{B77DDAFC-C875-4C87-9DFF-4080E5029DB8}.Release|Any CPU.Build.0 = Release|Any CPU
		{B16AC4B0-02E2-4E55-AD53-EE37B60DDBC4}.Debug|Any CPU.ActiveCfg = Debug|Any CPU
		{B16AC4B0-02E2-4E55-AD53-EE37B60DDBC4}.Debug|Any CPU.Build.0 = Debug|Any CPU
		{B16AC4B0-02E2-4E55-AD53-EE37B60DDBC4}.Release|Any CPU.ActiveCfg = Release|Any CPU
		{B16AC4B0-02E2-4E55-AD53-EE37B60DDBC4}.Release|Any CPU.Build.0 = Release|Any CPU
		{8E8523EB-71BD-457B-AF1D-624147E90624}.Debug|Any CPU.ActiveCfg = Debug|Any CPU
		{8E8523EB-71BD-457B-AF1D-624147E90624}.Debug|Any CPU.Build.0 = Debug|Any CPU
		{8E8523EB-71BD-457B-AF1D-624147E90624}.Release|Any CPU.ActiveCfg = Release|Any CPU
		{8E8523EB-71BD-457B-AF1D-624147E90624}.Release|Any CPU.Build.0 = Release|Any CPU
		{371D5C20-DFD2-47AB-AEED-5FC7401E7940}.Debug|Any CPU.ActiveCfg = Debug|Any CPU
		{371D5C20-DFD2-47AB-AEED-5FC7401E7940}.Debug|Any CPU.Build.0 = Debug|Any CPU
		{371D5C20-DFD2-47AB-AEED-5FC7401E7940}.Release|Any CPU.ActiveCfg = Release|Any CPU
		{371D5C20-DFD2-47AB-AEED-5FC7401E7940}.Release|Any CPU.Build.0 = Release|Any CPU
		{EF98F167-8E29-4B69-8CAC-5958AAA6C0C3}.Debug|Any CPU.ActiveCfg = Debug|Any CPU
		{EF98F167-8E29-4B69-8CAC-5958AAA6C0C3}.Debug|Any CPU.Build.0 = Debug|Any CPU
		{EF98F167-8E29-4B69-8CAC-5958AAA6C0C3}.Release|Any CPU.ActiveCfg = Release|Any CPU
		{EF98F167-8E29-4B69-8CAC-5958AAA6C0C3}.Release|Any CPU.Build.0 = Release|Any CPU
		{581B5A37-D6A2-4B42-B4D0-E668C851457C}.Debug|Any CPU.ActiveCfg = Debug|Any CPU
		{581B5A37-D6A2-4B42-B4D0-E668C851457C}.Debug|Any CPU.Build.0 = Debug|Any CPU
		{581B5A37-D6A2-4B42-B4D0-E668C851457C}.Release|Any CPU.ActiveCfg = Release|Any CPU
		{581B5A37-D6A2-4B42-B4D0-E668C851457C}.Release|Any CPU.Build.0 = Release|Any CPU
		{F65835F9-67C3-4C26-AC8A-F3076BB8D962}.Debug|Any CPU.ActiveCfg = Debug|Any CPU
		{F65835F9-67C3-4C26-AC8A-F3076BB8D962}.Debug|Any CPU.Build.0 = Debug|Any CPU
		{F65835F9-67C3-4C26-AC8A-F3076BB8D962}.Release|Any CPU.ActiveCfg = Release|Any CPU
		{F65835F9-67C3-4C26-AC8A-F3076BB8D962}.Release|Any CPU.Build.0 = Release|Any CPU
	EndGlobalSection
	GlobalSection(SolutionProperties) = preSolution
		HideSolutionNode = FALSE
	EndGlobalSection
	GlobalSection(ExtensibilityGlobals) = postSolution
		SolutionGuid = {E8BBEB78-75CC-4E23-B735-A8A7781B3D8A}
	EndGlobalSection
EndGlobal
